# THIS IS AN AUTOGENERATED FILE. DO NOT EDIT THIS FILE DIRECTLY.
# yarn lockfile v1


data-structure-typed@^1.37.2:
  version "1.37.2"
  resolved "https://registry.yarnpkg.com/data-structure-typed/-/data-structure-typed-1.37.2.tgz#dddc73121f702d5a6386d75abb7b03279220a35f"
  integrity sha512-eVU6Bd2G2xPkdO3SVqo8R+nUkWrdgDbOTR3OYtoldZbNH6Hp2lbv49goDrMYeFBxbsdJ9+k9bNI6WNTpC728uA==
